
Microsoft Visual Studio Solution File, Format Version 12.00
# Visual Studio 15
VisualStudioVersion = 15.0.27130.2020
MinimumVisualStudioVersion = 10.0.40219.1
Project("{FAE04EC0-301F-11D3-BF4B-00C04F79EFBC}") = "MasterMind", "MasterMind\MasterMind.csproj", "{0DC2003C-8A28-4F0D-824A-60BA382DD4A5}"
EndProject
Global
	GlobalSection(SolutionConfigurationPlatforms) = preSolution
		Debug|Any CPU = Debug|Any CPU
		Release|Any CPU = Release|Any CPU
	EndGlobalSection
	GlobalSection(ProjectConfigurationPlatforms) = postSolution
		{0DC2003C-8A28-4F0D-824A-60BA382DD4A5}.Debug|Any CPU.ActiveCfg = Debug|Any CPU
		{0DC2003C-8A28-4F0D-824A-60BA382DD4A5}.Debug|Any CPU.Build.0 = Debug|Any CPU
		{0DC2003C-8A28-4F0D-824A-60BA382DD4A5}.Release|Any CPU.ActiveCfg = Release|Any CPU
		{0DC2003C-8A28-4F0D-824A-60BA382DD4A5}.Release|Any CPU.Build.0 = Release|Any CPU
	EndGlobalSection
	GlobalSection(SolutionProperties) = preSolution
		HideSolutionNode = FALSE
	EndGlobalSection
	GlobalSection(ExtensibilityGlobals) = postSolution
		SolutionGuid = {14B8B2E9-E303-47C8-A771-311D16F43C0B}
	EndGlobalSection
EndGlobal
