
Microsoft Visual Studio Solution File, Format Version 12.00
# Visual Studio 15
VisualStudioVersion = 15.0.27130.2027
MinimumVisualStudioVersion = 10.0.40219.1
Project("{FAE04EC0-301F-11D3-BF4B-00C04F79EFBC}") = "ExamenFinal", "ExamenFinal\ExamenFinal.csproj", "{3B913A5A-F8F2-4928-A83B-46A13078EBBC}"
EndProject
Global
	GlobalSection(SolutionConfigurationPlatforms) = preSolution
		Debug|Any CPU = Debug|Any CPU
		Release|Any CPU = Release|Any CPU
	EndGlobalSection
	GlobalSection(ProjectConfigurationPlatforms) = postSolution
		{3B913A5A-F8F2-4928-A83B-46A13078EBBC}.Debug|Any CPU.ActiveCfg = Debug|Any CPU
		{3B913A5A-F8F2-4928-A83B-46A13078EBBC}.Debug|Any CPU.Build.0 = Debug|Any CPU
		{3B913A5A-F8F2-4928-A83B-46A13078EBBC}.Release|Any CPU.ActiveCfg = Release|Any CPU
		{3B913A5A-F8F2-4928-A83B-46A13078EBBC}.Release|Any CPU.Build.0 = Release|Any CPU
	EndGlobalSection
	GlobalSection(SolutionProperties) = preSolution
		HideSolutionNode = FALSE
	EndGlobalSection
	GlobalSection(ExtensibilityGlobals) = postSolution
		SolutionGuid = {E3015BED-5F8D-4D89-AA63-89D6D2A01311}
	EndGlobalSection
EndGlobal
