
Microsoft Visual Studio Solution File, Format Version 12.00
# Visual Studio 15
VisualStudioVersion = 15.0.27130.2020
MinimumVisualStudioVersion = 10.0.40219.1
Project("{FAE04EC0-301F-11D3-BF4B-00C04F79EFBC}") = "InventarioBar", "InventarioBar\InventarioBar.csproj", "{1961A20C-2460-4D9A-9231-1901127F3F44}"
EndProject
Project("{FAE04EC0-301F-11D3-BF4B-00C04F79EFBC}") = "NegocioBar", "NegocioBar\NegocioBar.csproj", "{2A6BA63C-BEEF-4429-BBEC-5F6263BCAA3A}"
EndProject
Global
	GlobalSection(SolutionConfigurationPlatforms) = preSolution
		Debug|Any CPU = Debug|Any CPU
		Release|Any CPU = Release|Any CPU
	EndGlobalSection
	GlobalSection(ProjectConfigurationPlatforms) = postSolution
		{1961A20C-2460-4D9A-9231-1901127F3F44}.Debug|Any CPU.ActiveCfg = Debug|Any CPU
		{1961A20C-2460-4D9A-9231-1901127F3F44}.Debug|Any CPU.Build.0 = Debug|Any CPU
		{1961A20C-2460-4D9A-9231-1901127F3F44}.Release|Any CPU.ActiveCfg = Release|Any CPU
		{1961A20C-2460-4D9A-9231-1901127F3F44}.Release|Any CPU.Build.0 = Release|Any CPU
		{2A6BA63C-BEEF-4429-BBEC-5F6263BCAA3A}.Debug|Any CPU.ActiveCfg = Debug|Any CPU
		{2A6BA63C-BEEF-4429-BBEC-5F6263BCAA3A}.Debug|Any CPU.Build.0 = Debug|Any CPU
		{2A6BA63C-BEEF-4429-BBEC-5F6263BCAA3A}.Release|Any CPU.ActiveCfg = Release|Any CPU
		{2A6BA63C-BEEF-4429-BBEC-5F6263BCAA3A}.Release|Any CPU.Build.0 = Release|Any CPU
	EndGlobalSection
	GlobalSection(SolutionProperties) = preSolution
		HideSolutionNode = FALSE
	EndGlobalSection
	GlobalSection(ExtensibilityGlobals) = postSolution
		SolutionGuid = {F05FF6F3-7704-480F-85E2-A7F4DBF346DC}
	EndGlobalSection
EndGlobal
